
Microsoft Visual Studio Solution File, Format Version 12.00
# Visual Studio Version 17
VisualStudioVersion = 17.8.34330.188
MinimumVisualStudioVersion = 10.0.40219.1
Project("{FAE04EC0-301F-11D3-BF4B-00C04F79EFBC}") = "TDSCoinMaker", "TDSCoinMaker\TDSCoinMaker.csproj", "{19F38839-4D47-4008-B505-FB29BDC4090B}"
EndProject
Global
	GlobalSection(SolutionConfigurationPlatforms) = preSolution
		Debug|Any CPU = Debug|Any CPU
		Release|Any CPU = Release|Any CPU
	EndGlobalSection
	GlobalSection(ProjectConfigurationPlatforms) = postSolution
		{19F38839-4D47-4008-B505-FB29BDC4090B}.Debug|Any CPU.ActiveCfg = Debug|Any CPU
		{19F38839-4D47-4008-B505-FB29BDC4090B}.Debug|Any CPU.Build.0 = Debug|Any CPU
		{19F38839-4D47-4008-B505-FB29BDC4090B}.Release|Any CPU.ActiveCfg = Release|Any CPU
		{19F38839-4D47-4008-B505-FB29BDC4090B}.Release|Any CPU.Build.0 = Release|Any CPU
	EndGlobalSection
	GlobalSection(SolutionProperties) = preSolution
		HideSolutionNode = FALSE
	EndGlobalSection
	GlobalSection(ExtensibilityGlobals) = postSolution
		SolutionGuid = {C6E864D0-5E27-43CC-B6FF-FC8A5BC68D79}
	EndGlobalSection
EndGlobal
